// !$*UTF8*$!
{
	archiveVersion = 1;
	classes = {
	};
	objectVersion = 56;
	objects = {

/* Begin PBXBuildFile section */
		DDF7DA2C2A30AB6D00AE5393 /* ChatScreenWithModels.swift in Sources */ = {isa = PBXBuildFile; fileRef = DDF7DA2B2A30AB6D00AE5393 /* ChatScreenWithModels.swift */; };
		DDF7DA312A30ACCE00AE5393 /* ChatMessageModel.swift in Sources */ = {isa = PBXBuildFile; fileRef = DDF7DA302A30ACCE00AE5393 /* ChatMessageModel.swift */; };
		E317A2612A1FA5520007833E /* FavouritePicker.swift in Sources */ = {isa = PBXBuildFile; fileRef = E317A2602A1FA5520007833E /* FavouritePicker.swift */; };
		E31CD9182A1662FE00C7C8CC /* Signup.swift in Sources */ = {isa = PBXBuildFile; fileRef = E31CD9172A1662FE00C7C8CC /* Signup.swift */; };
		E31CD91A2A16638100C7C8CC /* LobbyDetails.swift in Sources */ = {isa = PBXBuildFile; fileRef = E31CD9192A16638100C7C8CC /* LobbyDetails.swift */; };
		E31CD91C2A167FDB00C7C8CC /* StartupView.swift in Sources */ = {isa = PBXBuildFile; fileRef = E31CD91B2A167FDB00C7C8CC /* StartupView.swift */; };
		E3371FA529F8438800A5F810 /* App.swift in Sources */ = {isa = PBXBuildFile; fileRef = E3371FA429F8438800A5F810 /* App.swift */; };
		E3371FA929F8438900A5F810 /* Assets.xcassets in Resources */ = {isa = PBXBuildFile; fileRef = E3371FA829F8438900A5F810 /* Assets.xcassets */; };
		E3371FAC29F8438900A5F810 /* Preview Assets.xcassets in Resources */ = {isa = PBXBuildFile; fileRef = E3371FAB29F8438900A5F810 /* Preview Assets.xcassets */; };
		E3371FB429F844B400A5F810 /* WebAPI.swift in Sources */ = {isa = PBXBuildFile; fileRef = E3371FB329F844B400A5F810 /* WebAPI.swift */; };
		E3371FB629F846FB00A5F810 /* Model.swift in Sources */ = {isa = PBXBuildFile; fileRef = E3371FB529F846FB00A5F810 /* Model.swift */; };
		E3371FBA29F8502B00A5F810 /* CustomProgress.swift in Sources */ = {isa = PBXBuildFile; fileRef = E3371FB929F8502B00A5F810 /* CustomProgress.swift */; };
		E33AAF422A2792B700034A0C /* Regions.swift in Sources */ = {isa = PBXBuildFile; fileRef = E33AAF412A2792B700034A0C /* Regions.swift */; };
		E33AAF442A279AC800034A0C /* GameRegion.swift in Sources */ = {isa = PBXBuildFile; fileRef = E33AAF432A279AC800034A0C /* GameRegion.swift */; };
		E33DBC652A2F83230044C275 /* GetStarted.swift in Sources */ = {isa = PBXBuildFile; fileRef = E33DBC642A2F83230044C275 /* GetStarted.swift */; };
		E36393AA2A2E19AE005EAD9F /* AvatarSelection.swift in Sources */ = {isa = PBXBuildFile; fileRef = E36393A92A2E19AE005EAD9F /* AvatarSelection.swift */; };
		E36393AC2A2E19BA005EAD9F /* RegionSelection.swift in Sources */ = {isa = PBXBuildFile; fileRef = E36393AB2A2E19BA005EAD9F /* RegionSelection.swift */; };
		E36393AF2A2E19D6005EAD9F /* GamesSelection.swift in Sources */ = {isa = PBXBuildFile; fileRef = E36393AE2A2E19D6005EAD9F /* GamesSelection.swift */; };
		E36393B12A2E2BB7005EAD9F /* InitialConfig.swift in Sources */ = {isa = PBXBuildFile; fileRef = E36393B02A2E2BB7005EAD9F /* InitialConfig.swift */; };
		E37914232A30B8CF001343D4 /* DummyView.swift in Sources */ = {isa = PBXBuildFile; fileRef = E37914222A30B8CF001343D4 /* DummyView.swift */; };
		E382071D2A1BAE03005293DA /* AvatarPicker.swift in Sources */ = {isa = PBXBuildFile; fileRef = E382071C2A1BAE03005293DA /* AvatarPicker.swift */; };
		E38BAAB92A17AEC5004B6A03 /* Profile.swift in Sources */ = {isa = PBXBuildFile; fileRef = E38BAAB82A17AEC5004B6A03 /* Profile.swift */; };
		E3B151F82A0BE37400907396 /* GameConfig.swift in Sources */ = {isa = PBXBuildFile; fileRef = E3B151F72A0BE37400907396 /* GameConfig.swift */; };
		E3B151FB2A0BE98700907396 /* GameSelection.swift in Sources */ = {isa = PBXBuildFile; fileRef = E3B151FA2A0BE98700907396 /* GameSelection.swift */; };
		E3BFC15729FD2A4C0025609E /* RemoteImage.swift in Sources */ = {isa = PBXBuildFile; fileRef = E3BFC15629FD2A4C0025609E /* RemoteImage.swift */; };
		E3BFC15A29FD30A50025609E /* Dashboard.swift in Sources */ = {isa = PBXBuildFile; fileRef = E3BFC15929FD30A50025609E /* Dashboard.swift */; };
		E3BFC15D29FD496C0025609E /* AppData.swift in Sources */ = {isa = PBXBuildFile; fileRef = E3BFC15C29FD496C0025609E /* AppData.swift */; };
		E3D1404B2A2B3858004A16B3 /* LobbyBox.swift in Sources */ = {isa = PBXBuildFile; fileRef = E3D1404A2A2B3858004A16B3 /* LobbyBox.swift */; };
		E3D1404D2A2B609F004A16B3 /* UneditableProfile.swift in Sources */ = {isa = PBXBuildFile; fileRef = E3D1404C2A2B609F004A16B3 /* UneditableProfile.swift */; };
		E3DF33732A13D3850071E1B5 /* Login.swift in Sources */ = {isa = PBXBuildFile; fileRef = E3DF33722A13D3850071E1B5 /* Login.swift */; };
/* End PBXBuildFile section */

/* Begin PBXFileReference section */
		DDF7DA2B2A30AB6D00AE5393 /* ChatScreenWithModels.swift */ = {isa = PBXFileReference; lastKnownFileType = sourcecode.swift; path = ChatScreenWithModels.swift; sourceTree = "<group>"; };
		DDF7DA2D2A30ABAF00AE5393 /* Info.plist */ = {isa = PBXFileReference; lastKnownFileType = text.plist; path = Info.plist; sourceTree = "<group>"; };
		DDF7DA302A30ACCE00AE5393 /* ChatMessageModel.swift */ = {isa = PBXFileReference; lastKnownFileType = sourcecode.swift; path = ChatMessageModel.swift; sourceTree = "<group>"; };
		E317A2602A1FA5520007833E /* FavouritePicker.swift */ = {isa = PBXFileReference; lastKnownFileType = sourcecode.swift; path = FavouritePicker.swift; sourceTree = "<group>"; };
		E31CD9172A1662FE00C7C8CC /* Signup.swift */ = {isa = PBXFileReference; lastKnownFileType = sourcecode.swift; path = Signup.swift; sourceTree = "<group>"; };
		E31CD9192A16638100C7C8CC /* LobbyDetails.swift */ = {isa = PBXFileReference; lastKnownFileType = sourcecode.swift; path = LobbyDetails.swift; sourceTree = "<group>"; };
		E31CD91B2A167FDB00C7C8CC /* StartupView.swift */ = {isa = PBXFileReference; lastKnownFileType = sourcecode.swift; path = StartupView.swift; sourceTree = "<group>"; };
		E3371FA129F8438800A5F810 /* MateZ.app */ = {isa = PBXFileReference; explicitFileType = wrapper.application; includeInIndex = 0; path = MateZ.app; sourceTree = BUILT_PRODUCTS_DIR; };
		E3371FA429F8438800A5F810 /* App.swift */ = {isa = PBXFileReference; lastKnownFileType = sourcecode.swift; path = App.swift; sourceTree = "<group>"; };
		E3371FA829F8438900A5F810 /* Assets.xcassets */ = {isa = PBXFileReference; lastKnownFileType = folder.assetcatalog; path = Assets.xcassets; sourceTree = "<group>"; };
		E3371FAB29F8438900A5F810 /* Preview Assets.xcassets */ = {isa = PBXFileReference; lastKnownFileType = folder.assetcatalog; path = "Preview Assets.xcassets"; sourceTree = "<group>"; };
		E3371FB329F844B400A5F810 /* WebAPI.swift */ = {isa = PBXFileReference; lastKnownFileType = sourcecode.swift; path = WebAPI.swift; sourceTree = "<group>"; };
		E3371FB529F846FB00A5F810 /* Model.swift */ = {isa = PBXFileReference; lastKnownFileType = sourcecode.swift; path = Model.swift; sourceTree = "<group>"; };
		E3371FB929F8502B00A5F810 /* CustomProgress.swift */ = {isa = PBXFileReference; lastKnownFileType = sourcecode.swift; path = CustomProgress.swift; sourceTree = "<group>"; };
		E33AAF412A2792B700034A0C /* Regions.swift */ = {isa = PBXFileReference; lastKnownFileType = sourcecode.swift; path = Regions.swift; sourceTree = "<group>"; };
		E33AAF432A279AC800034A0C /* GameRegion.swift */ = {isa = PBXFileReference; lastKnownFileType = sourcecode.swift; path = GameRegion.swift; sourceTree = "<group>"; };
		E33DBC642A2F83230044C275 /* GetStarted.swift */ = {isa = PBXFileReference; lastKnownFileType = sourcecode.swift; path = GetStarted.swift; sourceTree = "<group>"; };
		E36393A92A2E19AE005EAD9F /* AvatarSelection.swift */ = {isa = PBXFileReference; lastKnownFileType = sourcecode.swift; path = AvatarSelection.swift; sourceTree = "<group>"; };
		E36393AB2A2E19BA005EAD9F /* RegionSelection.swift */ = {isa = PBXFileReference; lastKnownFileType = sourcecode.swift; path = RegionSelection.swift; sourceTree = "<group>"; };
		E36393AE2A2E19D6005EAD9F /* GamesSelection.swift */ = {isa = PBXFileReference; lastKnownFileType = sourcecode.swift; path = GamesSelection.swift; sourceTree = "<group>"; };
		E36393B02A2E2BB7005EAD9F /* InitialConfig.swift */ = {isa = PBXFileReference; lastKnownFileType = sourcecode.swift; path = InitialConfig.swift; sourceTree = "<group>"; };
		E37914222A30B8CF001343D4 /* DummyView.swift */ = {isa = PBXFileReference; lastKnownFileType = sourcecode.swift; path = DummyView.swift; sourceTree = "<group>"; };
		E382071C2A1BAE03005293DA /* AvatarPicker.swift */ = {isa = PBXFileReference; lastKnownFileType = sourcecode.swift; path = AvatarPicker.swift; sourceTree = "<group>"; };
		E38BAAB82A17AEC5004B6A03 /* Profile.swift */ = {isa = PBXFileReference; lastKnownFileType = sourcecode.swift; path = Profile.swift; sourceTree = "<group>"; };
		E3B151F72A0BE37400907396 /* GameConfig.swift */ = {isa = PBXFileReference; lastKnownFileType = sourcecode.swift; path = GameConfig.swift; sourceTree = "<group>"; };
		E3B151FA2A0BE98700907396 /* GameSelection.swift */ = {isa = PBXFileReference; lastKnownFileType = sourcecode.swift; path = GameSelection.swift; sourceTree = "<group>"; };
		E3BFC15629FD2A4C0025609E /* RemoteImage.swift */ = {isa = PBXFileReference; lastKnownFileType = sourcecode.swift; path = RemoteImage.swift; sourceTree = "<group>"; };
		E3BFC15929FD30A50025609E /* Dashboard.swift */ = {isa = PBXFileReference; lastKnownFileType = sourcecode.swift; path = Dashboard.swift; sourceTree = "<group>"; };
		E3BFC15C29FD496C0025609E /* AppData.swift */ = {isa = PBXFileReference; lastKnownFileType = sourcecode.swift; path = AppData.swift; sourceTree = "<group>"; };
		E3D1404A2A2B3858004A16B3 /* LobbyBox.swift */ = {isa = PBXFileReference; lastKnownFileType = sourcecode.swift; path = LobbyBox.swift; sourceTree = "<group>"; };
		E3D1404C2A2B609F004A16B3 /* UneditableProfile.swift */ = {isa = PBXFileReference; lastKnownFileType = sourcecode.swift; path = UneditableProfile.swift; sourceTree = "<group>"; };
		E3DF33722A13D3850071E1B5 /* Login.swift */ = {isa = PBXFileReference; lastKnownFileType = sourcecode.swift; path = Login.swift; sourceTree = "<group>"; };
/* End PBXFileReference section */

/* Begin PBXFrameworksBuildPhase section */
		E3371F9E29F8438800A5F810 /* Frameworks */ = {
			isa = PBXFrameworksBuildPhase;
			buildActionMask = 2147483647;
			files = (
			);
			runOnlyForDeploymentPostprocessing = 0;
		};
/* End PBXFrameworksBuildPhase section */

/* Begin PBXGroup section */
		DDF7DA2A2A30AB4600AE5393 /* Chat  */ = {
			isa = PBXGroup;
			children = (
				DDF7DA2B2A30AB6D00AE5393 /* ChatScreenWithModels.swift */,
			);
			path = "Chat ";
			sourceTree = "<group>";
		};
		DDF7DA2F2A30ACB700AE5393 /* ChatMessageModel */ = {
			isa = PBXGroup;
			children = (
				DDF7DA302A30ACCE00AE5393 /* ChatMessageModel.swift */,
			);
			path = ChatMessageModel;
			sourceTree = "<group>";
		};
		E3371F9829F8438800A5F810 = {
			isa = PBXGroup;
			children = (
				E3371FA329F8438800A5F810 /* MateZ */,
				E3371FA229F8438800A5F810 /* Products */,
			);
			sourceTree = "<group>";
		};
		E3371FA229F8438800A5F810 /* Products */ = {
			isa = PBXGroup;
			children = (
				E3371FA129F8438800A5F810 /* MateZ.app */,
			);
			name = Products;
			sourceTree = "<group>";
		};
		E3371FA329F8438800A5F810 /* MateZ */ = {
			isa = PBXGroup;
			children = (
				DDF7DA2D2A30ABAF00AE5393 /* Info.plist */,
				E3371FA429F8438800A5F810 /* App.swift */,
				E31CD91B2A167FDB00C7C8CC /* StartupView.swift */,
				E37914222A30B8CF001343D4 /* DummyView.swift */,
				E36393A82A2E100A005EAD9F /* OnBoarding */,
				E382071E2A1BC216005293DA /* UserProfile */,
				E366BB882A15067300438106 /* AuthenticationViews */,
				E3BFC15B29FD3D6D0025609E /* Miscellaneous */,
				E3BFC15829FD2DD80025609E /* LobbiesViewing */,
				E3B151F92A0BE93A00907396 /* RequestCreation */,
				E3371FB229F8447A00A5F810 /* DataHandling */,
				E3371FA829F8438900A5F810 /* Assets.xcassets */,
				E3371FAA29F8438900A5F810 /* Preview Content */,
			);
			path = MateZ;
			sourceTree = "<group>";
		};
		E3371FAA29F8438900A5F810 /* Preview Content */ = {
			isa = PBXGroup;
			children = (
				E3371FAB29F8438900A5F810 /* Preview Assets.xcassets */,
			);
			path = "Preview Content";
			sourceTree = "<group>";
		};
		E3371FB229F8447A00A5F810 /* DataHandling */ = {
			isa = PBXGroup;
			children = (
				E3BFC15C29FD496C0025609E /* AppData.swift */,
				E3371FB329F844B400A5F810 /* WebAPI.swift */,
				E3371FB529F846FB00A5F810 /* Model.swift */,
				E33AAF412A2792B700034A0C /* Regions.swift */,
				DDF7DA2A2A30AB4600AE5393 /* Chat  */,
				DDF7DA2F2A30ACB700AE5393 /* ChatMessageModel */,
			);
			path = DataHandling;
			sourceTree = "<group>";
		};
		E36393A82A2E100A005EAD9F /* OnBoarding */ = {
			isa = PBXGroup;
			children = (
				E36393B02A2E2BB7005EAD9F /* InitialConfig.swift */,
				E36393A92A2E19AE005EAD9F /* AvatarSelection.swift */,
				E36393AB2A2E19BA005EAD9F /* RegionSelection.swift */,
				E36393AE2A2E19D6005EAD9F /* GamesSelection.swift */,
			);
			path = OnBoarding;
			sourceTree = "<group>";
		};
		E366BB882A15067300438106 /* AuthenticationViews */ = {
			isa = PBXGroup;
			children = (
				E3DF33722A13D3850071E1B5 /* Login.swift */,
				E31CD9172A1662FE00C7C8CC /* Signup.swift */,
				E33DBC642A2F83230044C275 /* GetStarted.swift */,
			);
			path = AuthenticationViews;
			sourceTree = "<group>";
		};
		E382071E2A1BC216005293DA /* UserProfile */ = {
			isa = PBXGroup;
			children = (
				E382071C2A1BAE03005293DA /* AvatarPicker.swift */,
				E317A2602A1FA5520007833E /* FavouritePicker.swift */,
				E38BAAB82A17AEC5004B6A03 /* Profile.swift */,
				E3D1404C2A2B609F004A16B3 /* UneditableProfile.swift */,
			);
			path = UserProfile;
			sourceTree = "<group>";
		};
		E3B151F92A0BE93A00907396 /* RequestCreation */ = {
			isa = PBXGroup;
			children = (
				E3B151F72A0BE37400907396 /* GameConfig.swift */,
				E3B151FA2A0BE98700907396 /* GameSelection.swift */,
				E33AAF432A279AC800034A0C /* GameRegion.swift */,
			);
			path = RequestCreation;
			sourceTree = "<group>";
		};
		E3BFC15829FD2DD80025609E /* LobbiesViewing */ = {
			isa = PBXGroup;
			children = (
				E3BFC15929FD30A50025609E /* Dashboard.swift */,
				E31CD9192A16638100C7C8CC /* LobbyDetails.swift */,
				E3D1404A2A2B3858004A16B3 /* LobbyBox.swift */,
			);
			path = LobbiesViewing;
			sourceTree = "<group>";
		};
		E3BFC15B29FD3D6D0025609E /* Miscellaneous */ = {
			isa = PBXGroup;
			children = (
				E3371FB929F8502B00A5F810 /* CustomProgress.swift */,
				E3BFC15629FD2A4C0025609E /* RemoteImage.swift */,
			);
			path = Miscellaneous;
			sourceTree = "<group>";
		};
/* End PBXGroup section */

/* Begin PBXNativeTarget section */
		E3371FA029F8438800A5F810 /* MateZ */ = {
			isa = PBXNativeTarget;
			buildConfigurationList = E3371FAF29F8438900A5F810 /* Build configuration list for PBXNativeTarget "MateZ" */;
			buildPhases = (
				E3371F9D29F8438800A5F810 /* Sources */,
				E3371F9E29F8438800A5F810 /* Frameworks */,
				E3371F9F29F8438800A5F810 /* Resources */,
			);
			buildRules = (
			);
			dependencies = (
			);
			name = MateZ;
			productName = iOSwebtest;
			productReference = E3371FA129F8438800A5F810 /* MateZ.app */;
			productType = "com.apple.product-type.application";
		};
/* End PBXNativeTarget section */

/* Begin PBXProject section */
		E3371F9929F8438800A5F810 /* Project object */ = {
			isa = PBXProject;
			attributes = {
				BuildIndependentTargetsInParallel = 1;
				LastSwiftUpdateCheck = 1430;
				LastUpgradeCheck = 1430;
				TargetAttributes = {
					E3371FA029F8438800A5F810 = {
						CreatedOnToolsVersion = 14.3;
					};
				};
			};
			buildConfigurationList = E3371F9C29F8438800A5F810 /* Build configuration list for PBXProject "MateZ" */;
			compatibilityVersion = "Xcode 14.0";
			developmentRegion = en;
			hasScannedForEncodings = 0;
			knownRegions = (
				en,
				Base,
			);
			mainGroup = E3371F9829F8438800A5F810;
			productRefGroup = E3371FA229F8438800A5F810 /* Products */;
			projectDirPath = "";
			projectRoot = "";
			targets = (
				E3371FA029F8438800A5F810 /* MateZ */,
			);
		};
/* End PBXProject section */

/* Begin PBXResourcesBuildPhase section */
		E3371F9F29F8438800A5F810 /* Resources */ = {
			isa = PBXResourcesBuildPhase;
			buildActionMask = 2147483647;
			files = (
				E3371FAC29F8438900A5F810 /* Preview Assets.xcassets in Resources */,
				E3371FA929F8438900A5F810 /* Assets.xcassets in Resources */,
			);
			runOnlyForDeploymentPostprocessing = 0;
		};
/* End PBXResourcesBuildPhase section */

/* Begin PBXSourcesBuildPhase section */
		E3371F9D29F8438800A5F810 /* Sources */ = {
			isa = PBXSourcesBuildPhase;
			buildActionMask = 2147483647;
			files = (
				E38BAAB92A17AEC5004B6A03 /* Profile.swift in Sources */,
				E3D1404D2A2B609F004A16B3 /* UneditableProfile.swift in Sources */,
				E3D1404B2A2B3858004A16B3 /* LobbyBox.swift in Sources */,
				E3B151FB2A0BE98700907396 /* GameSelection.swift in Sources */,
				E317A2612A1FA5520007833E /* FavouritePicker.swift in Sources */,
				DDF7DA312A30ACCE00AE5393 /* ChatMessageModel.swift in Sources */,
				E3BFC15D29FD496C0025609E /* AppData.swift in Sources */,
				E36393AA2A2E19AE005EAD9F /* AvatarSelection.swift in Sources */,
				E36393AF2A2E19D6005EAD9F /* GamesSelection.swift in Sources */,
				E3DF33732A13D3850071E1B5 /* Login.swift in Sources */,
				E382071D2A1BAE03005293DA /* AvatarPicker.swift in Sources */,
				E3371FB429F844B400A5F810 /* WebAPI.swift in Sources */,
				E36393AC2A2E19BA005EAD9F /* RegionSelection.swift in Sources */,
				E3371FBA29F8502B00A5F810 /* CustomProgress.swift in Sources */,
				E37914232A30B8CF001343D4 /* DummyView.swift in Sources */,
				E3BFC15A29FD30A50025609E /* Dashboard.swift in Sources */,
				E33DBC652A2F83230044C275 /* GetStarted.swift in Sources */,
				E31CD9182A1662FE00C7C8CC /* Signup.swift in Sources */,
				E31CD91C2A167FDB00C7C8CC /* StartupView.swift in Sources */,
				E31CD91A2A16638100C7C8CC /* LobbyDetails.swift in Sources */,
				E33AAF442A279AC800034A0C /* GameRegion.swift in Sources */,
				E36393B12A2E2BB7005EAD9F /* InitialConfig.swift in Sources */,
				E3BFC15729FD2A4C0025609E /* RemoteImage.swift in Sources */,
				E3371FA529F8438800A5F810 /* App.swift in Sources */,
				E33AAF422A2792B700034A0C /* Regions.swift in Sources */,
				E3B151F82A0BE37400907396 /* GameConfig.swift in Sources */,
				E3371FB629F846FB00A5F810 /* Model.swift in Sources */,
				DDF7DA2C2A30AB6D00AE5393 /* ChatScreenWithModels.swift in Sources */,
			);
			runOnlyForDeploymentPostprocessing = 0;
		};
/* End PBXSourcesBuildPhase section */

/* Begin XCBuildConfiguration section */
		E3371FAD29F8438900A5F810 /* Debug */ = {
			isa = XCBuildConfiguration;
			buildSettings = {
				ALWAYS_SEARCH_USER_PATHS = NO;
				CLANG_ANALYZER_NONNULL = YES;
				CLANG_ANALYZER_NUMBER_OBJECT_CONVERSION = YES_AGGRESSIVE;
				CLANG_CXX_LANGUAGE_STANDARD = "gnu++20";
				CLANG_ENABLE_MODULES = YES;
				CLANG_ENABLE_OBJC_ARC = YES;
				CLANG_ENABLE_OBJC_WEAK = YES;
				CLANG_WARN_BLOCK_CAPTURE_AUTORELEASING = YES;
				CLANG_WARN_BOOL_CONVERSION = YES;
				CLANG_WARN_COMMA = YES;
				CLANG_WARN_CONSTANT_CONVERSION = YES;
				CLANG_WARN_DEPRECATED_OBJC_IMPLEMENTATIONS = YES;
				CLANG_WARN_DIRECT_OBJC_ISA_USAGE = YES_ERROR;
				CLANG_WARN_DOCUMENTATION_COMMENTS = YES;
				CLANG_WARN_EMPTY_BODY = YES;
				CLANG_WARN_ENUM_CONVERSION = YES;
				CLANG_WARN_INFINITE_RECURSION = YES;
				CLANG_WARN_INT_CONVERSION = YES;
				CLANG_WARN_NON_LITERAL_NULL_CONVERSION = YES;
				CLANG_WARN_OBJC_IMPLICIT_RETAIN_SELF = YES;
				CLANG_WARN_OBJC_LITERAL_CONVERSION = YES;
				CLANG_WARN_OBJC_ROOT_CLASS = YES_ERROR;
				CLANG_WARN_QUOTED_INCLUDE_IN_FRAMEWORK_HEADER = YES;
				CLANG_WARN_RANGE_LOOP_ANALYSIS = YES;
				CLANG_WARN_STRICT_PROTOTYPES = YES;
				CLANG_WARN_SUSPICIOUS_MOVE = YES;
				CLANG_WARN_UNGUARDED_AVAILABILITY = YES_AGGRESSIVE;
				CLANG_WARN_UNREACHABLE_CODE = YES;
				CLANG_WARN__DUPLICATE_METHOD_MATCH = YES;
				COPY_PHASE_STRIP = NO;
				DEBUG_INFORMATION_FORMAT = dwarf;
				ENABLE_STRICT_OBJC_MSGSEND = YES;
				ENABLE_TESTABILITY = YES;
				GCC_C_LANGUAGE_STANDARD = gnu11;
				GCC_DYNAMIC_NO_PIC = NO;
				GCC_NO_COMMON_BLOCKS = YES;
				GCC_OPTIMIZATION_LEVEL = 0;
				GCC_PREPROCESSOR_DEFINITIONS = (
					"DEBUG=1",
					"$(inherited)",
				);
				GCC_WARN_64_TO_32_BIT_CONVERSION = YES;
				GCC_WARN_ABOUT_RETURN_TYPE = YES_ERROR;
				GCC_WARN_UNDECLARED_SELECTOR = YES;
				GCC_WARN_UNINITIALIZED_AUTOS = YES_AGGRESSIVE;
				GCC_WARN_UNUSED_FUNCTION = YES;
				GCC_WARN_UNUSED_VARIABLE = YES;
				IPHONEOS_DEPLOYMENT_TARGET = 15.0;
				MTL_ENABLE_DEBUG_INFO = INCLUDE_SOURCE;
				MTL_FAST_MATH = YES;
				ONLY_ACTIVE_ARCH = YES;
				SDKROOT = iphoneos;
				SWIFT_ACTIVE_COMPILATION_CONDITIONS = DEBUG;
				SWIFT_OPTIMIZATION_LEVEL = "-Onone";
			};
			name = Debug;
		};
		E3371FAE29F8438900A5F810 /* Release */ = {
			isa = XCBuildConfiguration;
			buildSettings = {
				ALWAYS_SEARCH_USER_PATHS = NO;
				CLANG_ANALYZER_NONNULL = YES;
				CLANG_ANALYZER_NUMBER_OBJECT_CONVERSION = YES_AGGRESSIVE;
				CLANG_CXX_LANGUAGE_STANDARD = "gnu++20";
				CLANG_ENABLE_MODULES = YES;
				CLANG_ENABLE_OBJC_ARC = YES;
				CLANG_ENABLE_OBJC_WEAK = YES;
				CLANG_WARN_BLOCK_CAPTURE_AUTORELEASING = YES;
				CLANG_WARN_BOOL_CONVERSION = YES;
				CLANG_WARN_COMMA = YES;
				CLANG_WARN_CONSTANT_CONVERSION = YES;
				CLANG_WARN_DEPRECATED_OBJC_IMPLEMENTATIONS = YES;
				CLANG_WARN_DIRECT_OBJC_ISA_USAGE = YES_ERROR;
				CLANG_WARN_DOCUMENTATION_COMMENTS = YES;
				CLANG_WARN_EMPTY_BODY = YES;
				CLANG_WARN_ENUM_CONVERSION = YES;
				CLANG_WARN_INFINITE_RECURSION = YES;
				CLANG_WARN_INT_CONVERSION = YES;
				CLANG_WARN_NON_LITERAL_NULL_CONVERSION = YES;
				CLANG_WARN_OBJC_IMPLICIT_RETAIN_SELF = YES;
				CLANG_WARN_OBJC_LITERAL_CONVERSION = YES;
				CLANG_WARN_OBJC_ROOT_CLASS = YES_ERROR;
				CLANG_WARN_QUOTED_INCLUDE_IN_FRAMEWORK_HEADER = YES;
				CLANG_WARN_RANGE_LOOP_ANALYSIS = YES;
				CLANG_WARN_STRICT_PROTOTYPES = YES;
				CLANG_WARN_SUSPICIOUS_MOVE = YES;
				CLANG_WARN_UNGUARDED_AVAILABILITY = YES_AGGRESSIVE;
				CLANG_WARN_UNREACHABLE_CODE = YES;
				CLANG_WARN__DUPLICATE_METHOD_MATCH = YES;
				COPY_PHASE_STRIP = NO;
				DEBUG_INFORMATION_FORMAT = "dwarf-with-dsym";
				ENABLE_NS_ASSERTIONS = NO;
				ENABLE_STRICT_OBJC_MSGSEND = YES;
				GCC_C_LANGUAGE_STANDARD = gnu11;
				GCC_NO_COMMON_BLOCKS = YES;
				GCC_WARN_64_TO_32_BIT_CONVERSION = YES;
				GCC_WARN_ABOUT_RETURN_TYPE = YES_ERROR;
				GCC_WARN_UNDECLARED_SELECTOR = YES;
				GCC_WARN_UNINITIALIZED_AUTOS = YES_AGGRESSIVE;
				GCC_WARN_UNUSED_FUNCTION = YES;
				GCC_WARN_UNUSED_VARIABLE = YES;
				IPHONEOS_DEPLOYMENT_TARGET = 15.0;
				MTL_ENABLE_DEBUG_INFO = NO;
				MTL_FAST_MATH = YES;
				SDKROOT = iphoneos;
				SWIFT_COMPILATION_MODE = wholemodule;
				SWIFT_OPTIMIZATION_LEVEL = "-O";
				VALIDATE_PRODUCT = YES;
			};
			name = Release;
		};
		E3371FB029F8438900A5F810 /* Debug */ = {
			isa = XCBuildConfiguration;
			buildSettings = {
				ASSETCATALOG_COMPILER_APPICON_NAME = AppIcon;
				ASSETCATALOG_COMPILER_GLOBAL_ACCENT_COLOR_NAME = AccentColor;
				CODE_SIGN_STYLE = Automatic;
				CURRENT_PROJECT_VERSION = 1;
				DEVELOPMENT_ASSET_PATHS = "\"MateZ/Preview Content\"";
				DEVELOPMENT_TEAM = TR7QYD9K6M;
				ENABLE_PREVIEWS = YES;
				GENERATE_INFOPLIST_FILE = YES;
				INFOPLIST_FILE = MateZ/Info.plist;
				INFOPLIST_KEY_UIApplicationSceneManifest_Generation = YES;
				INFOPLIST_KEY_UIApplicationSupportsIndirectInputEvents = YES;
				INFOPLIST_KEY_UILaunchStoryboardName = LaunchScreen;
				INFOPLIST_KEY_UISupportedInterfaceOrientations = UIInterfaceOrientationPortrait;
				INFOPLIST_KEY_UIUserInterfaceStyle = Dark;
				IPHONEOS_DEPLOYMENT_TARGET = 15.0;
				LD_RUNPATH_SEARCH_PATHS = (
					"$(inherited)",
					"@executable_path/Frameworks",
				);
				MARKETING_VERSION = 1.0;
				PRODUCT_BUNDLE_IDENTIFIER = com.aryan.matez;
				PRODUCT_NAME = "$(TARGET_NAME)";
				SUPPORTED_PLATFORMS = "iphoneos iphonesimulator";
				SUPPORTS_MACCATALYST = NO;
				SUPPORTS_MAC_DESIGNED_FOR_IPHONE_IPAD = NO;
				SWIFT_EMIT_LOC_STRINGS = YES;
				SWIFT_VERSION = 5.0;
				TARGETED_DEVICE_FAMILY = 1;
			};
			name = Debug;
		};
		E3371FB129F8438900A5F810 /* Release */ = {
			isa = XCBuildConfiguration;
			buildSettings = {
				ASSETCATALOG_COMPILER_APPICON_NAME = AppIcon;
				ASSETCATALOG_COMPILER_GLOBAL_ACCENT_COLOR_NAME = AccentColor;
				CODE_SIGN_STYLE = Automatic;
				CURRENT_PROJECT_VERSION = 1;
				DEVELOPMENT_ASSET_PATHS = "\"MateZ/Preview Content\"";
				DEVELOPMENT_TEAM = T8HX5554JX;
				ENABLE_PREVIEWS = YES;
				GENERATE_INFOPLIST_FILE = YES;
				INFOPLIST_FILE = MateZ/Info.plist;
				INFOPLIST_KEY_UIApplicationSceneManifest_Generation = YES;
				INFOPLIST_KEY_UIApplicationSupportsIndirectInputEvents = YES;
				INFOPLIST_KEY_UILaunchStoryboardName = LaunchScreen;
				INFOPLIST_KEY_UISupportedInterfaceOrientations = UIInterfaceOrientationPortrait;
				INFOPLIST_KEY_UIUserInterfaceStyle = Dark;
				IPHONEOS_DEPLOYMENT_TARGET = 15.0;
				LD_RUNPATH_SEARCH_PATHS = (
					"$(inherited)",
					"@executable_path/Frameworks",
				);
				MARKETING_VERSION = 1.0;
				PRODUCT_BUNDLE_IDENTIFIER = com.giuseppe.iOSwebtest;
				PRODUCT_NAME = "$(TARGET_NAME)";
				SUPPORTED_PLATFORMS = "iphoneos iphonesimulator";
				SUPPORTS_MACCATALYST = NO;
				SUPPORTS_MAC_DESIGNED_FOR_IPHONE_IPAD = NO;
				SWIFT_EMIT_LOC_STRINGS = YES;
				SWIFT_VERSION = 5.0;
				TARGETED_DEVICE_FAMILY = 1;
			};
			name = Release;
		};
/* End XCBuildConfiguration section */

/* Begin XCConfigurationList section */
		E3371F9C29F8438800A5F810 /* Build configuration list for PBXProject "MateZ" */ = {
			isa = XCConfigurationList;
			buildConfigurations = (
				E3371FAD29F8438900A5F810 /* Debug */,
				E3371FAE29F8438900A5F810 /* Release */,
			);
			defaultConfigurationIsVisible = 0;
			defaultConfigurationName = Release;
		};
		E3371FAF29F8438900A5F810 /* Build configuration list for PBXNativeTarget "MateZ" */ = {
			isa = XCConfigurationList;
			buildConfigurations = (
				E3371FB029F8438900A5F810 /* Debug */,
				E3371FB129F8438900A5F810 /* Release */,
			);
			defaultConfigurationIsVisible = 0;
			defaultConfigurationName = Release;
		};
/* End XCConfigurationList section */
	};
	rootObject = E3371F9929F8438800A5F810 /* Project object */;
}
